Microsoft Visual Studio Solution File, Format Version 8.00
Project("{FAE04EC0-301F-11D3-BF4B-00C04F79EFBC}") = "GuidGenConsole", "GuidGenConsole.csproj", "{19232EC4-A066-4874-A537-2CF4C5D51A97}"
	ProjectSection(ProjectDependencies) = postProject
	EndProjectSection
EndProject
Global
	GlobalSection(SolutionConfiguration) = preSolution
		Debug = Debug
		Release = Release
	EndGlobalSection
	GlobalSection(ProjectConfiguration) = postSolution
		{19232EC4-A066-4874-A537-2CF4C5D51A97}.Debug.ActiveCfg = Debug|.NET
		{19232EC4-A066-4874-A537-2CF4C5D51A97}.Debug.Build.0 = Debug|.NET
		{19232EC4-A066-4874-A537-2CF4C5D51A97}.Release.ActiveCfg = Release|.NET
		{19232EC4-A066-4874-A537-2CF4C5D51A97}.Release.Build.0 = Release|.NET
	EndGlobalSection
	GlobalSection(ExtensibilityGlobals) = postSolution
	EndGlobalSection
	GlobalSection(ExtensibilityAddIns) = postSolution
	EndGlobalSection
EndGlobal
